{
  "lockfileVersion": 1,
  "configVersion": 1,
  "workspaces": {
    "": {
      "name": "libbitsub",
      "dependencies": {
        "@webgpu/types": "^0.1.70",
      },
      "devDependencies": {
        "@typescript/native-preview": "^7.0.0-dev.20260524.1",
        "prettier": "^3.8.3",
        "typescript": "^6.0.3",
      },
    },
  },
  "packages": {
    "@typescript/native-preview": ["@typescript/native-preview@7.0.0-dev.20260524.1", "", { "optionalDependencies": { "@typescript/native-preview-darwin-arm64": "7.0.0-dev.20260524.1", "@typescript/native-preview-darwin-x64": "7.0.0-dev.20260524.1", "@typescript/native-preview-linux-arm": "7.0.0-dev.20260524.1", "@typescript/native-preview-linux-arm64": "7.0.0-dev.20260524.1", "@typescript/native-preview-linux-x64": "7.0.0-dev.20260524.1", "@typescript/native-preview-win32-arm64": "7.0.0-dev.20260524.1", "@typescript/native-preview-win32-x64": "7.0.0-dev.20260524.1" }, "bin": { "tsgo": "bin/tsgo.js" } }, "sha512-L4YviXl4FVYt4V9vkUKRCZW1DcsUbLRaKC4gxsYmBJQqB262mtUo8eqjKqElgZNIpKwYEAAYsBDrVmNhy6ze2w=="],

    "@typescript/native-preview-darwin-arm64": ["@typescript/native-preview-darwin-arm64@7.0.0-dev.20260524.1", "", { "os": "darwin", "cpu": "arm64" }, "sha512-dIaYmijy9/tdrxHTxlnfwzP+AC6iAycUYGChOowLR3bVSbKhz4DUJZGMaodzGCtBEWSRUwx0MK1Sa1zBpFbM5g=="],

    "@typescript/native-preview-darwin-x64": ["@typescript/native-preview-darwin-x64@7.0.0-dev.20260524.1", "", { "os": "darwin", "cpu": "x64" }, "sha512-HjfPFOSQCymn5Iu07xoySqfK5lwXthEWN1vltO5SDaFYVRasK6P3DBRe4QL0AiSGr8tRfA3x7BdRPjPVu94Epg=="],

    "@typescript/native-preview-linux-arm": ["@typescript/native-preview-linux-arm@7.0.0-dev.20260524.1", "", { "os": "linux", "cpu": "arm" }, "sha512-gXzD1BNpPUSAv12a9UvxLTX/+WdoC34skLw6hDLk1kv3VYbd5LecQzEIb7u+WHCsNuXVXffk79+BZP7IQNS1aw=="],

    "@typescript/native-preview-linux-arm64": ["@typescript/native-preview-linux-arm64@7.0.0-dev.20260524.1", "", { "os": "linux", "cpu": "arm64" }, "sha512-dH+zYjBs2ajcIRMmb8YkapY7TXzU/yX6HITrXhuoDov+mun7nCNfiRRmRBeqbGxl5JM8mUugBl/yyyhFWjIWdQ=="],

    "@typescript/native-preview-linux-x64": ["@typescript/native-preview-linux-x64@7.0.0-dev.20260524.1", "", { "os": "linux", "cpu": "x64" }, "sha512-Fr0A8RPBMXco9IIXel598hC25LE1A5wpB33mBhwimlIQe58MMCAeW+wDHXsmLmF2NiFVT1vr1tjMGmEMMdYdsg=="],

    "@typescript/native-preview-win32-arm64": ["@typescript/native-preview-win32-arm64@7.0.0-dev.20260524.1", "", { "os": "win32", "cpu": "arm64" }, "sha512-AhFD6bct2RWeZxONLEvaKPlu+c+/TNejj7ntztHWREaq+lrjz8Qg3tXryah2K66EEmYY0TooapfWUWXWe8i+VQ=="],

    "@typescript/native-preview-win32-x64": ["@typescript/native-preview-win32-x64@7.0.0-dev.20260524.1", "", { "os": "win32", "cpu": "x64" }, "sha512-3VE5kBH2y7vYpj83X9iqGbNR8gwnlQlTjzLKJBzuyfTJPZ9R/vM4txvpuTDRJo18JGzEq4FUjKg7yqpf9ajb2g=="],

    "@webgpu/types": ["@webgpu/types@0.1.70", "", {}, "sha512-LFiNHHKMvmAEvwVew3JLJmTdShhbdwRFSImUshGhE2mGE8ybQzIo63l5uRp+YKnNx+8Qno8Kf6gN+DKMreIJCA=="],

    "prettier": ["prettier@3.8.3", "", { "bin": { "prettier": "bin/prettier.cjs" } }, "sha512-7igPTM53cGHMW8xWuVTydi2KO233VFiTNyF5hLJqpilHfmn8C8gPf+PS7dUT64YcXFbiMGZxS9pCSxL/Dxm/Jw=="],

    "typescript": ["typescript@6.0.3", "", { "bin": { "tsc": "bin/tsc", "tsserver": "bin/tsserver" } }, "sha512-y2TvuxSZPDyQakkFRPZHKFm+KKVqIisdg9/CZwm9ftvKXLP8NRWj38/ODjNbr43SsoXqNuAisEf1GdCxqWcdBw=="],
  }
}
