{
  "lockfileVersion": 1,
  "configVersion": 1,
  "workspaces": {
    "": {
      "name": "libbitsub",
      "dependencies": {
        "@webgpu/types": "^0.1.71",
      },
      "devDependencies": {
        "@types/react": "^19.2.17",
        "dashjs": "5.2.1",
        "libbitsub-registry": "npm:libbitsub@1.12.0",
        "prettier": "^3.9.6",
        "react": "^19.2.8",
        "typescript": "^7.0.2",
      },
      "peerDependencies": {
        "hls.js": ">=1.0.0",
        "react": ">=18.0.0",
        "shaka-player": ">=4.0.0",
        "video.js": ">=7.0.0",
      },
      "optionalPeers": [
        "hls.js",
        "react",
        "shaka-player",
        "video.js",
      ],
    },
  },
  "packages": {
    "@svta/cml-608": ["@svta/cml-608@1.0.2", "", {}, "sha512-ZEJ68330gcLKfvVv6Qifr1HR7+GldDUxzkjqSbqRK7jHtHSLSV1JAyDwlYe8+C7ABuY1bp8MpgJ4/Gg+jl+pLQ=="],

    "@svta/cml-cmcd": ["@svta/cml-cmcd@2.3.2", "", { "peerDependencies": { "@svta/cml-structured-field-values": "1.1.3", "@svta/cml-utils": "1.5.0" } }, "sha512-SKBBjLmci0WK8HMjuv+36tVIMktonoOoxsXblOFZmB+ePPV2zjRMTD+2ZmE/1VEPJkKHENyhSjSHgJyeOlvZ1A=="],

    "@svta/cml-cmsd": ["@svta/cml-cmsd@1.0.6", "", { "peerDependencies": { "@svta/cml-cta": "1.0.6", "@svta/cml-structured-field-values": "1.1.3", "@svta/cml-utils": "1.5.0" } }, "sha512-LUORV6bb0TbU4rSC2HoPqUCix1igLrXkRQXWiIyJo2OMzb14kAK/1jsW0mzY6up6w1GrjKQcjc6OwqJdo/zd/g=="],

    "@svta/cml-cta": ["@svta/cml-cta@1.0.6", "", { "peerDependencies": { "@svta/cml-structured-field-values": "1.1.3", "@svta/cml-utils": "1.5.0" } }, "sha512-l13/4myTX1EbRd38nY8J1umVY5UdR/nZO6CeKqVLXnMMIayg7/fu0TueZckjTA9Loal55MGK1xbHnXVjz7OUUw=="],

    "@svta/cml-dash": ["@svta/cml-dash@1.0.6", "", { "peerDependencies": { "@svta/cml-utils": "1.5.0" } }, "sha512-4XtHYlPrzL/dRe/8XmRQoLnTo9S86tISgrl67eUqKl5MtNTpZBYTncuPrspslPZPZROBBWNrBuepYfYUtU9CKA=="],

    "@svta/cml-id3": ["@svta/cml-id3@1.0.6", "", { "peerDependencies": { "@svta/cml-utils": "1.5.0" } }, "sha512-63j8gkAnPOmOBWlp0hIZPvsIioZttdbg6/TgwITqMYbSLYVJ+6QGa/UtIP0I84NsfstANw6QdCn7i8SS08kn1A=="],

    "@svta/cml-request": ["@svta/cml-request@1.0.12", "", { "peerDependencies": { "@svta/cml-cmcd": "2.3.2", "@svta/cml-utils": "1.5.0", "@svta/cml-xml": "1.1.4" } }, "sha512-4sJvnnoNpq58j2mCGP8k+MF6wVy/qa4gbt6kfT1dPIKmn3mPxw+JVfilhcWsUi+peK2yCZxOJJYyHj1cAcQE1w=="],

    "@svta/cml-structured-field-values": ["@svta/cml-structured-field-values@1.1.3", "", { "peerDependencies": { "@svta/cml-utils": "1.5.0" } }, "sha512-XqLzQOTznz6kh/nsSh8dy1kV7GQjL4csG+2U5EvLGhAqNuNUczbVg5EAsDobKDVg8xhdthdXx2UuwM+ZHQCxSg=="],

    "@svta/cml-utils": ["@svta/cml-utils@1.5.0", "", {}, "sha512-JMqclD7Akd+GSJiuaYNUHOP2wNtf/nauKeszlYeivSHfi0Lp3pmSW5PXDvJ2dO4aPmmSOQbF0ztTsW9Vcs2Whw=="],

    "@svta/cml-xml": ["@svta/cml-xml@1.1.4", "", { "peerDependencies": { "@svta/cml-utils": "1.5.0" } }, "sha512-jbixqjiJIc16SGxylHwiOzO+DuhkGfuP+fJ9AHeVJKdFDKnabgfCDpnp6dvZpZnjMj4nHvzVtuUV7RISPIwYXw=="],

    "@types/react": ["@types/react@19.2.17", "", { "dependencies": { "csstype": "^3.2.2" } }, "sha512-MXfmqaVPEVgkBT/aY0aGCkRWWtByiYQXo3xdQ8r5RzuFrPiRn8Gar2tQdXSUQ2GKV3bkXckek89V8wQBY2Q/Aw=="],

    "@typescript/typescript-aix-ppc64": ["@typescript/typescript-aix-ppc64@7.0.2", "", { "os": "aix", "cpu": "ppc64" }, "sha512-MTKKkWB7p/0E9xi1d1tHtZ5PiLkGEMIq88pK2CubZjOsLtYTLqhgIgi6zepFa+9GHZ6h05NMCkQxGKiPXMxXtQ=="],

    "@typescript/typescript-darwin-arm64": ["@typescript/typescript-darwin-arm64@7.0.2", "", { "os": "darwin", "cpu": "arm64" }, "sha512-gowzar9MwS/aRWp6f3a4KUqzRjAZjOsmGNCM6LcTgXum+dBfgsBVMN+AgvOCCbguXyick6LJhpBszxMebJ8syA=="],

    "@typescript/typescript-darwin-x64": ["@typescript/typescript-darwin-x64@7.0.2", "", { "os": "darwin", "cpu": "x64" }, "sha512-SZ9xZInqApNlNGc9s0W1VSsktYSOe9cFqNOIqmN1Gs8SmkjKZYFt017G4VwPxASInODuAdbTW7sXiFUf893RgA=="],

    "@typescript/typescript-freebsd-arm64": ["@typescript/typescript-freebsd-arm64@7.0.2", "", { "os": "freebsd", "cpu": "arm64" }, "sha512-W5NH4y/J0plIIS5b2xvTEkU7JFxyqdMAOgf+Ilhl0vHQXKO5dZoxd+C/jEtq56c4F3wk71RB4BMRQ2XdI+bwYQ=="],

    "@typescript/typescript-freebsd-x64": ["@typescript/typescript-freebsd-x64@7.0.2", "", { "os": "freebsd", "cpu": "x64" }, "sha512-UMGDx5sTpzNw3WiPebH7l90IWfJggEd+egHt/q6p7/Cm3zqoV7VxkGXt+3DxPIw8CcmvAB0j3sVVfbhX+M4Tpw=="],

    "@typescript/typescript-linux-arm": ["@typescript/typescript-linux-arm@7.0.2", "", { "os": "linux", "cpu": "arm" }, "sha512-gffT3xPz9sR7j/YJExkyPntrI0P2EP9XbOyWzth2/Gs0RstK+90RBcO0ncXoXy/beYll1SXw846Nf2zdnEz0QQ=="],

    "@typescript/typescript-linux-arm64": ["@typescript/typescript-linux-arm64@7.0.2", "", { "os": "linux", "cpu": "arm64" }, "sha512-Qh4eU4/y3yDjnfjjyPYihMj5/ODIlmt+Bzu17OI+fiSRDW57QmU5SiN63exPRNJPKUzcc1INa1NXdrJ+MqHjUQ=="],

    "@typescript/typescript-linux-loong64": ["@typescript/typescript-linux-loong64@7.0.2", "", { "os": "linux", "cpu": "none" }, "sha512-uEHck9i8hoAzXPiYRib1O7miOnz23SxIeVl6F4LXox+qov1K35jHcEW6VHKvZI+pyvl7fZEP4MCU5LYvIq1GuQ=="],

    "@typescript/typescript-linux-mips64el": ["@typescript/typescript-linux-mips64el@7.0.2", "", { "os": "linux", "cpu": "none" }, "sha512-R4KvAMnE43W5Qeqb0Ly56O3mWMWIAgsMyz36DCaycd5nbg/9kzm0liw3JocfRqyJY0KPmzFjbswozXyW0DnIYA=="],

    "@typescript/typescript-linux-ppc64": ["@typescript/typescript-linux-ppc64@7.0.2", "", { "os": "linux", "cpu": "ppc64" }, "sha512-DORx5b3sd/4S7eayxm4FQv+A7CrkUIGRaHiwI8oiHTAI1fAPWhF4J0vAlkC8biAlHSVVwxMQ3tjZ2/DVbnQiiA=="],

    "@typescript/typescript-linux-riscv64": ["@typescript/typescript-linux-riscv64@7.0.2", "", { "os": "linux", "cpu": "none" }, "sha512-wf0jqEDOjrPRnKwYRyyJDRo11KMbvMFrU+q4zqKyChODBzvlkbhNQfKvLxQCcwTpdDaXSHZTVuh0JoCrKCUMHQ=="],

    "@typescript/typescript-linux-s390x": ["@typescript/typescript-linux-s390x@7.0.2", "", { "os": "linux", "cpu": "s390x" }, "sha512-IkwJc3L7yhytWd/ewjyxNDfOmswCm9GWMJT/ue/dU4aZNbwZeYAetq42VyLmsmSjvoX7z74X6ZaYCtzAr0EuGw=="],

    "@typescript/typescript-linux-x64": ["@typescript/typescript-linux-x64@7.0.2", "", { "os": "linux", "cpu": "x64" }, "sha512-EYdf2cNg7rgCWJnxCdJ+F3V39O8ihb37eHAu1LK8oAFizgTQbPOK7zHHXbPt8rX24COqODXeI3sIf0fCXG7H/A=="],

    "@typescript/typescript-netbsd-arm64": ["@typescript/typescript-netbsd-arm64@7.0.2", "", { "os": "none", "cpu": "arm64" }, "sha512-+polYF4MF04aPpO5FTkHran9yUQDSXqy5GiSDKpsll5jy3l3+g9QLhpf39T+ePtefhXLOGrLl0QIjkQP6VnelA=="],

    "@typescript/typescript-netbsd-x64": ["@typescript/typescript-netbsd-x64@7.0.2", "", { "os": "none", "cpu": "x64" }, "sha512-8YIT0EHM/3dq10ZOVF/A7pc/YSMtbcecct4rWtexrnSCHOPcpC2KTLXfTCR6vDpnSiY12heNb1GiN/wu+T/FyA=="],

    "@typescript/typescript-openbsd-arm64": ["@typescript/typescript-openbsd-arm64@7.0.2", "", { "os": "openbsd", "cpu": "arm64" }, "sha512-APT8+ClYnuYm1u9+kgGXoMj2VzWzcymwh2gNSQVySHfkRDGOTVkoWLjCmOQSaO+PoqQ57B0flRp9SA+7GnnkzQ=="],

    "@typescript/typescript-openbsd-x64": ["@typescript/typescript-openbsd-x64@7.0.2", "", { "os": "openbsd", "cpu": "x64" }, "sha512-yX7s+Q0Dln0Dt9tEzZsAjXXR/+ytBM7AlglaqyeMPxQszJ1JhlJdZ6jLA+IzldHtflX81em7lDao1xXu+aRRkg=="],

    "@typescript/typescript-sunos-x64": ["@typescript/typescript-sunos-x64@7.0.2", "", { "os": "sunos", "cpu": "x64" }, "sha512-dLJDGaLZ1D4HPQn62u1n8mBDkJREwMsAkCdkwd4Ieqw+x3TUyTsqY0YiBCtE6H6OzzgGk3iuZ3vFWRS+E8/d1g=="],

    "@typescript/typescript-win32-arm64": ["@typescript/typescript-win32-arm64@7.0.2", "", { "os": "win32", "cpu": "arm64" }, "sha512-Gyl1Vy6OsWesLzmq+EP0Fb7b4Nid5232AvcA2SFcdYreldpNtYFFofPjnt62y9hQy7VTaZp65ICJjuAQRaVcIQ=="],

    "@typescript/typescript-win32-x64": ["@typescript/typescript-win32-x64@7.0.2", "", { "os": "win32", "cpu": "x64" }, "sha512-0BQ3HkAHHlKLSp1qRvf3SUhGpGsDuhB/jgFw75guyqbxJqEaS0Cw/VFO8i2nHglJUzQCRtMMR/IBAKE3ETMC4g=="],

    "@webgpu/types": ["@webgpu/types@0.1.71", "", {}, "sha512-mMy8/ODcKhab808co15eW+yN+HgXoQxRQHTiBV9Mrvl1r0ufnid7YOcI+gi4eUWSWl9ezD6TW2KXccrL8HCh2A=="],

    "bcp-47-match": ["bcp-47-match@2.0.3", "", {}, "sha512-JtTezzbAibu8G0R9op9zb3vcWZd9JF6M0xOYGPn0fNCd7wOpRB1mU2mH9T8gaBGbAAyIIVgB2G7xG0GP98zMAQ=="],

    "codem-isoboxer": ["codem-isoboxer@0.3.10", "", {}, "sha512-eNk3TRV+xQMJ1PEj0FQGY8KD4m0GPxT487XJ+Iftm7mVa9WpPFDMWqPt+46buiP5j5Wzqe5oMIhqBcAeKfygSA=="],

    "csstype": ["csstype@3.2.3", "", {}, "sha512-z1HGKcYy2xA8AGQfwrn0PAy+PB7X/GSj3UVJW9qKyn43xWa+gl5nXmU4qqLMRzWVLFC8KusUX8T/0kCiOYpAIQ=="],

    "dashjs": ["dashjs@5.2.1", "", { "dependencies": { "@svta/cml-608": "1.0.2", "@svta/cml-cmcd": "2.3.2", "@svta/cml-cmsd": "1.0.6", "@svta/cml-dash": "1.0.6", "@svta/cml-id3": "1.0.6", "@svta/cml-request": "1.0.12", "@svta/cml-xml": "1.1.4", "bcp-47-match": "^2.0.3", "codem-isoboxer": "0.3.10", "fast-deep-equal": "3.1.3", "html-entities": "^2.6.0", "imsc": "^1.1.5", "localforage": "^1.10.0", "path-browserify": "^1.0.1" } }, "sha512-axcJmLeJCTJMLUfQRErUJB1KOiU5iHF+DMLBc3FKeox1HPYtGUQlC6Xm5Mm6vhBUR3CHHLIPOqw0JDIqMtP+Dw=="],

    "fast-deep-equal": ["fast-deep-equal@3.1.3", "", {}, "sha512-f3qQ9oQy9j2AhBe/H9VC91wLmKBCCU/gDOnKNAYG5hswO7BLKj09Hc5HYNz9cGI++xlpDCIgDaitVs03ATR84Q=="],

    "html-entities": ["html-entities@2.6.0", "", {}, "sha512-kig+rMn/QOVRvr7c86gQ8lWXq+Hkv6CbAH1hLu+RG338StTpE8Z0b44SDVaqVu7HGKf27frdmUYEs9hTUX/cLQ=="],

    "immediate": ["immediate@3.0.6", "", {}, "sha512-XXOFtyqDjNDAQxVfYxuF7g9Il/IbWmmlQg2MYKOH8ExIT1qg6xc4zyS3HaEEATgs1btfzxq15ciUiY7gjSXRGQ=="],

    "imsc": ["imsc@1.1.5", "", { "dependencies": { "sax": "1.2.1" } }, "sha512-V8je+CGkcvGhgl2C1GlhqFFiUOIEdwXbXLiu1Fcubvvbo+g9inauqT3l0pNYXGoLPBj3jxtZz9t+wCopMkwadQ=="],

    "libbitsub-registry": ["libbitsub@1.12.0", "", { "dependencies": { "@webgpu/types": "^0.1.71" }, "peerDependencies": { "hls.js": ">=1.0.0", "react": ">=18.0.0", "shaka-player": ">=4.0.0", "video.js": ">=7.0.0" }, "optionalPeers": ["hls.js", "react", "shaka-player", "video.js"] }, "sha512-WsulgzwbwEqcZaz+1flomrnEmpy5VtC3N6A+ZtGRUs2ntayAdegN5M64dgPyzYvw2BkT/ix0d3JGLtF1j3gTeQ=="],

    "lie": ["lie@3.1.1", "", { "dependencies": { "immediate": "~3.0.5" } }, "sha512-RiNhHysUjhrDQntfYSfY4MU24coXXdEOgw9WGcKHNeEwffDYbF//u87M1EWaMGzuFoSbqW0C9C6lEEhDOAswfw=="],

    "localforage": ["localforage@1.10.0", "", { "dependencies": { "lie": "3.1.1" } }, "sha512-14/H1aX7hzBBmmh7sGPd+AOMkkIrHM3Z1PAyGgZigA1H1p5O5ANnMyWzvpAETtG68/dC4pC0ncy3+PPGzXZHPg=="],

    "path-browserify": ["path-browserify@1.0.1", "", {}, "sha512-b7uo2UCUOYZcnF/3ID0lulOJi/bafxa1xPe7ZPsammBSpjSWQkjNxlt635YGS2MiR9GjvuXCtz2emr3jbsz98g=="],

    "prettier": ["prettier@3.9.6", "", { "bin": { "prettier": "bin/prettier.cjs" } }, "sha512-OpN0zzVdiaiAhxpuuj5efpIS4sY9j7bY6uR5mnj5yPzGkdkjNKSJeUThPb60Jw29QuAZgA4o+/iB49kFiaBX6g=="],

    "react": ["react@19.2.8", "", {}, "sha512-PWaYA1L/q9u2u7xYQi+Y3L3Yfnie7XyLeaJICV1MGD6LprsBxcAqGjYyr0eY3p+QdsA+x/Irkt4Qif8D63+Sbw=="],

    "sax": ["sax@1.2.1", "", {}, "sha512-8I2a3LovHTOpm7NV5yOyO8IHqgVsfK4+UuySrXU8YXkSRX7k6hCV9b3HrkKCr3nMpgj+0bmocaJJWpvp1oc7ZA=="],

    "typescript": ["typescript@7.0.2", "", { "optionalDependencies": { "@typescript/typescript-aix-ppc64": "7.0.2", "@typescript/typescript-darwin-arm64": "7.0.2", "@typescript/typescript-darwin-x64": "7.0.2", "@typescript/typescript-freebsd-arm64": "7.0.2", "@typescript/typescript-freebsd-x64": "7.0.2", "@typescript/typescript-linux-arm": "7.0.2", "@typescript/typescript-linux-arm64": "7.0.2", "@typescript/typescript-linux-loong64": "7.0.2", "@typescript/typescript-linux-mips64el": "7.0.2", "@typescript/typescript-linux-ppc64": "7.0.2", "@typescript/typescript-linux-riscv64": "7.0.2", "@typescript/typescript-linux-s390x": "7.0.2", "@typescript/typescript-linux-x64": "7.0.2", "@typescript/typescript-netbsd-arm64": "7.0.2", "@typescript/typescript-netbsd-x64": "7.0.2", "@typescript/typescript-openbsd-arm64": "7.0.2", "@typescript/typescript-openbsd-x64": "7.0.2", "@typescript/typescript-sunos-x64": "7.0.2", "@typescript/typescript-win32-arm64": "7.0.2", "@typescript/typescript-win32-x64": "7.0.2" }, "bin": { "tsc": "bin/tsc" } }, "sha512-8FYau96o3NKOhbjKi/qNvG/W5jhzxkbdm5sj9AbZ/5T5sWqn3hJgLfGx27sRKZWTvyzCP8dLRBTf5tBTSRVUNA=="],
  }
}
