{
  "lockfileVersion": 1,
  "configVersion": 1,
  "workspaces": {
    "": {
      "name": "libbitsub",
      "dependencies": {
        "@webgpu/types": "^0.1.69",
      },
      "devDependencies": {
        "@typescript/native-preview": "^7.0.0-dev.20260410.1",
        "prettier": "^3.8.2",
        "typescript": "^6.0.2",
      },
    },
  },
  "packages": {
    "@typescript/native-preview": ["@typescript/native-preview@7.0.0-dev.20260410.1", "", { "optionalDependencies": { "@typescript/native-preview-darwin-arm64": "7.0.0-dev.20260410.1", "@typescript/native-preview-darwin-x64": "7.0.0-dev.20260410.1", "@typescript/native-preview-linux-arm": "7.0.0-dev.20260410.1", "@typescript/native-preview-linux-arm64": "7.0.0-dev.20260410.1", "@typescript/native-preview-linux-x64": "7.0.0-dev.20260410.1", "@typescript/native-preview-win32-arm64": "7.0.0-dev.20260410.1", "@typescript/native-preview-win32-x64": "7.0.0-dev.20260410.1" }, "bin": { "tsgo": "bin/tsgo.js" } }, "sha512-K3TIwBw4XGQM33wW8KUqRU7r6ZY1IqB8chk1u1kT+CDj4iu+eQ6jCXgU7EDxmpJ++gbNcIf8iBYgWgYNssrhZQ=="],

    "@typescript/native-preview-darwin-arm64": ["@typescript/native-preview-darwin-arm64@7.0.0-dev.20260410.1", "", { "os": "darwin", "cpu": "arm64" }, "sha512-bpLYm6woXd8BECzV9AQvPqISVeohpekK1qwpRopvNIxydhRQ4fEjZsS7EtDYpqHAW4/u1uEv07P9/iS6TAL1fQ=="],

    "@typescript/native-preview-darwin-x64": ["@typescript/native-preview-darwin-x64@7.0.0-dev.20260410.1", "", { "os": "darwin", "cpu": "x64" }, "sha512-V8bW8g5hgu+bAwGvTqF1kilkkoDgxhxi5egrdMUeWQkR+MIisoBQeaAupqMpLoSkqZsc/kKucM0zwBNC/KRU3Q=="],

    "@typescript/native-preview-linux-arm": ["@typescript/native-preview-linux-arm@7.0.0-dev.20260410.1", "", { "os": "linux", "cpu": "arm" }, "sha512-NO6Ci65ADadOCr2ycTxOyCgC5kyk+Ryjl8k5c78mz9sKDxYqwEtryFFjLqitAG+rejtJbnUq897WRICjAOwslA=="],

    "@typescript/native-preview-linux-arm64": ["@typescript/native-preview-linux-arm64@7.0.0-dev.20260410.1", "", { "os": "linux", "cpu": "arm64" }, "sha512-MOluRRAhv46s9ScFmePa0InMHmpZ/z0Evc11RrTKsg+bN8BR7sWoAtFq6IujEDK9WVP7YmEYtBRgEfMLuqVojw=="],

    "@typescript/native-preview-linux-x64": ["@typescript/native-preview-linux-x64@7.0.0-dev.20260410.1", "", { "os": "linux", "cpu": "x64" }, "sha512-IofIUrMGjXmZKDEMaRgshzOne0EQZtx9vE/6URHfgmDnWLDKWzz9eQ2qWmvsFD2vOBbgc6GwVWEq6XTHMEfx2A=="],

    "@typescript/native-preview-win32-arm64": ["@typescript/native-preview-win32-arm64@7.0.0-dev.20260410.1", "", { "os": "win32", "cpu": "arm64" }, "sha512-TXmE+wovQqRo+qAhaewB0MPB9esgayvSHr6vFlCpHykHqbDl3FUucuC4F8yU6zVOA3UqXTk4/GHeLsAvU7YEgQ=="],

    "@typescript/native-preview-win32-x64": ["@typescript/native-preview-win32-x64@7.0.0-dev.20260410.1", "", { "os": "win32", "cpu": "x64" }, "sha512-dMFT4tdHBe2vVA2WPQMjorT+fzCURRtillevQzz8/bwCEz2uXSnpu4oLRLS5045ppGE0wCFELE+Hq5z2oRddDw=="],

    "@webgpu/types": ["@webgpu/types@0.1.69", "", {}, "sha512-RPmm6kgRbI8e98zSD3RVACvnuktIja5+yLgDAkTmxLr90BEwdTXRQWNLF3ETTTyH/8mKhznZuN5AveXYFEsMGQ=="],

    "prettier": ["prettier@3.8.2", "", { "bin": { "prettier": "bin/prettier.cjs" } }, "sha512-8c3mgTe0ASwWAJK+78dpviD+A8EqhndQPUBpNUIPt6+xWlIigCwfN01lWr9MAede4uqXGTEKeQWTvzb3vjia0Q=="],

    "typescript": ["typescript@6.0.2", "", { "bin": { "tsc": "bin/tsc", "tsserver": "bin/tsserver" } }, "sha512-bGdAIrZ0wiGDo5l8c++HWtbaNCWTS4UTv7RaTH/ThVIgjkveJt83m74bBHMJkuCbslY8ixgLBVZJIOiQlQTjfQ=="],
  }
}
